
Microsoft Visual Studio Solution File, Format Version 12.00
# Visual Studio 14
VisualStudioVersion = 14.0.24720.0
MinimumVisualStudioVersion = 10.0.40219.1
Project("{2150E333-8FDC-42A3-9474-1A3956D46DE8}") = "src", "src", "{9CB04A8A-1E11-4BD9-8E5A-490BE6D6C446}"
EndProject
Project("{2150E333-8FDC-42A3-9474-1A3956D46DE8}") = "Solution Items", "Solution Items", "{DFA5E5D7-D25D-4189-9E91-3B8AFA02429A}"
	ProjectSection(SolutionItems) = preProject
		global.json = global.json
	EndProjectSection
EndProject
Project("{8BB2217D-0F2D-49D1-97BC-3654ED321F3B}") = "aspnet-core-mysql-sample", "src\aspnet-core-mysql-sample.xproj", "{86C3518A-B680-4F3C-A23D-99C243C8772C}"
EndProject
Global
	GlobalSection(SolutionConfigurationPlatforms) = preSolution
		Debug|Any CPU = Debug|Any CPU
		Release|Any CPU = Release|Any CPU
	EndGlobalSection
	GlobalSection(ProjectConfigurationPlatforms) = postSolution
		{86C3518A-B680-4F3C-A23D-99C243C8772C}.Debug|Any CPU.ActiveCfg = Debug|Any CPU
		{86C3518A-B680-4F3C-A23D-99C243C8772C}.Debug|Any CPU.Build.0 = Debug|Any CPU
		{86C3518A-B680-4F3C-A23D-99C243C8772C}.Release|Any CPU.ActiveCfg = Release|Any CPU
		{86C3518A-B680-4F3C-A23D-99C243C8772C}.Release|Any CPU.Build.0 = Release|Any CPU
	EndGlobalSection
	GlobalSection(SolutionProperties) = preSolution
		HideSolutionNode = FALSE
	EndGlobalSection
	GlobalSection(NestedProjects) = preSolution
		{86C3518A-B680-4F3C-A23D-99C243C8772C} = {9CB04A8A-1E11-4BD9-8E5A-490BE6D6C446}
	EndGlobalSection
EndGlobal
